
Microsoft Visual Studio Solution File, Format Version 12.00
# Visual Studio Version 17
VisualStudioVersion = 17.8.34316.72
MinimumVisualStudioVersion = 10.0.40219.1
Project("{9A19103F-16F7-4668-BE54-9A1E7A4F7556}") = "Dec.01.23.1", "Dec.01.23.1\Dec.01.23.1.csproj", "{4DED6F5E-E28A-4AEA-8464-A30337D7EB35}"
EndProject
Project("{9A19103F-16F7-4668-BE54-9A1E7A4F7556}") = "Dec.01.23.2", "Dec.01.23.2\Dec.01.23.2.csproj", "{28B46008-C894-4BF6-88F7-09EC66CC9B59}"
EndProject
Project("{9A19103F-16F7-4668-BE54-9A1E7A4F7556}") = "Dec.02.23.1", "Dec.02.23.1\Dec.02.23.1.csproj", "{3FDDC54F-E4DB-446E-B082-4023B960EBB4}"
EndProject
Project("{9A19103F-16F7-4668-BE54-9A1E7A4F7556}") = "Dec.02.23.2", "Dec.02.23.2\Dec.02.23.2.csproj", "{22FEC15F-279A-436A-A88D-E40855B38331}"
EndProject
Project("{9A19103F-16F7-4668-BE54-9A1E7A4F7556}") = "Dec.03.23.1", "Dec.03.23.1\Dec.03.23.1.csproj", "{D0731BFC-75F3-47F4-8B34-635ACBA98819}"
EndProject
Project("{9A19103F-16F7-4668-BE54-9A1E7A4F7556}") = "Dec.03.23.2", "Dec.03.23.2\Dec.03.23.2.csproj", "{D1B2796D-8A74-43E4-BA12-68F8CD0AC6C7}"
EndProject
Project("{9A19103F-16F7-4668-BE54-9A1E7A4F7556}") = "Dec.04.23.1", "Dec.04.23.1\Dec.04.23.1.csproj", "{DEC20526-4F68-4492-B443-639137C9730A}"
EndProject
Project("{9A19103F-16F7-4668-BE54-9A1E7A4F7556}") = "Dec.04.23.2", "Dec.04.23.2\Dec.04.23.2.csproj", "{B145FBD0-73EA-4AD2-8242-0D11111F3DBE}"
EndProject
Project("{9A19103F-16F7-4668-BE54-9A1E7A4F7556}") = "Dec.05.23.1", "Dec.05.23.1\Dec.05.23.1.csproj", "{142CCD07-E9C4-405D-8402-B3AE016C4743}"
EndProject
Project("{9A19103F-16F7-4668-BE54-9A1E7A4F7556}") = "Dec.05.23.2", "Dec.05.23.2\Dec.05.23.2.csproj", "{94F0D4F0-BDB5-4D00-8E49-E6DDC5628132}"
EndProject
Project("{9A19103F-16F7-4668-BE54-9A1E7A4F7556}") = "Dec.06.23.1", "Dec.06.23.1\Dec.06.23.1.csproj", "{A00436FB-4784-4A0D-8FD9-6BABCBB69A24}"
EndProject
Project("{9A19103F-16F7-4668-BE54-9A1E7A4F7556}") = "Dec.06.23.2", "Dec.06.23.2\Dec.06.23.2.csproj", "{4F62D90B-9AAE-4136-9053-2F0B2115117F}"
EndProject
Project("{9A19103F-16F7-4668-BE54-9A1E7A4F7556}") = "Dec.07.23.1", "Dec.07.23.1\Dec.07.23.1.csproj", "{5B2FAB91-6EAA-4FAA-A473-B0165A40ED5D}"
EndProject
Project("{9A19103F-16F7-4668-BE54-9A1E7A4F7556}") = "Dec.07.23.2", "Dec.07.23.2\Dec.07.23.2.csproj", "{B4CBA30C-DF0D-4565-A3E0-543BC7B50BBB}"
EndProject
Project("{9A19103F-16F7-4668-BE54-9A1E7A4F7556}") = "Dec.08.23.1", "Dec.08.23.1\Dec.08.23.1.csproj", "{449E3120-BA09-4D94-8D63-9FD3D7EFD510}"
EndProject
Project("{9A19103F-16F7-4668-BE54-9A1E7A4F7556}") = "Dec.08.23.2", "Dec.08.23.2\Dec.08.23.2.csproj", "{6E0888E3-FAF2-43C2-9300-A690A5C20510}"
EndProject
Project("{9A19103F-16F7-4668-BE54-9A1E7A4F7556}") = "Dec.15.23.1", "Dec.15.23.1\Dec.15.23.1.csproj", "{ACDD68F1-418E-4E0B-91D0-76C74E87E237}"
EndProject
Project("{9A19103F-16F7-4668-BE54-9A1E7A4F7556}") = "Dec.15.23.2", "Dec.15.23.2\Dec.15.23.2.csproj", "{1D1F9CE6-26B6-40DA-9486-0AA9F99B814E}"
EndProject
Project("{9A19103F-16F7-4668-BE54-9A1E7A4F7556}") = "Dec.09.23.1", "Dec.09.23.1\Dec.09.23.1.csproj", "{6FED28CB-544F-47D8-B0ED-1952FA7305FB}"
EndProject
Project("{9A19103F-16F7-4668-BE54-9A1E7A4F7556}") = "Dec.09.23.2", "Dec.09.23.2\Dec.09.23.2.csproj", "{67F37E76-4A79-4DE9-8E5C-D13C591F699F}"
EndProject
Project("{9A19103F-16F7-4668-BE54-9A1E7A4F7556}") = "Dec.10.23.1", "Dec.10.23.1\Dec.10.23.1.csproj", "{F0F51B94-4466-4B9B-A52A-C8DA783DC1DC}"
EndProject
Project("{9A19103F-16F7-4668-BE54-9A1E7A4F7556}") = "Dec.10.23.2", "Dec.10.23.2\Dec.10.23.2.csproj", "{8FBDA26C-7EDE-48E7-B304-33DB76ADC202}"
EndProject
Project("{9A19103F-16F7-4668-BE54-9A1E7A4F7556}") = "Dec.11.23.1", "Dec.11.23.1\Dec.11.23.1.csproj", "{5105FFC5-EBCB-4575-A958-ED92B440D16E}"
EndProject
Project("{9A19103F-16F7-4668-BE54-9A1E7A4F7556}") = "Dec.11.23.2", "Dec.11.23.2\Dec.11.23.2.csproj", "{DC77663D-09A3-44CF-BA7B-AC5AF0B6E8A5}"
EndProject
Project("{9A19103F-16F7-4668-BE54-9A1E7A4F7556}") = "Dec.12.23.1", "Dec.12.23.1\Dec.12.23.1.csproj", "{7315D292-9CAD-4A05-AE91-2A5BD524CA02}"
EndProject
Project("{9A19103F-16F7-4668-BE54-9A1E7A4F7556}") = "Dec.13.23.1", "Dec.13.23.1\Dec.13.23.1.csproj", "{6DEC1D78-134C-4FDF-9D04-148578ACC220}"
EndProject
Project("{9A19103F-16F7-4668-BE54-9A1E7A4F7556}") = "Dec.13.23.2", "Dec.13.23.2\Dec.13.23.2.csproj", "{D526CA7F-0CA5-4989-83E7-741E42412A4F}"
EndProject
Project("{9A19103F-16F7-4668-BE54-9A1E7A4F7556}") = "Dec.14.23.1", "Dec.14.23.1\Dec.14.23.1.csproj", "{93C19815-6B8A-4CBA-9507-5163778DD65B}"
EndProject
Project("{9A19103F-16F7-4668-BE54-9A1E7A4F7556}") = "Dec.14.23.2", "Dec.14.23.2\Dec.14.23.2.csproj", "{8AA23C0D-4910-4F82-9178-FFC22339D8E7}"
EndProject
Global
	GlobalSection(SolutionConfigurationPlatforms) = preSolution
		Debug|Any CPU = Debug|Any CPU
		Release|Any CPU = Release|Any CPU
	EndGlobalSection
	GlobalSection(ProjectConfigurationPlatforms) = postSolution
		{4DED6F5E-E28A-4AEA-8464-A30337D7EB35}.Debug|Any CPU.ActiveCfg = Debug|Any CPU
		{4DED6F5E-E28A-4AEA-8464-A30337D7EB35}.Debug|Any CPU.Build.0 = Debug|Any CPU
		{4DED6F5E-E28A-4AEA-8464-A30337D7EB35}.Release|Any CPU.ActiveCfg = Release|Any CPU
		{4DED6F5E-E28A-4AEA-8464-A30337D7EB35}.Release|Any CPU.Build.0 = Release|Any CPU
		{28B46008-C894-4BF6-88F7-09EC66CC9B59}.Debug|Any CPU.ActiveCfg = Debug|Any CPU
		{28B46008-C894-4BF6-88F7-09EC66CC9B59}.Debug|Any CPU.Build.0 = Debug|Any CPU
		{28B46008-C894-4BF6-88F7-09EC66CC9B59}.Release|Any CPU.ActiveCfg = Release|Any CPU
		{28B46008-C894-4BF6-88F7-09EC66CC9B59}.Release|Any CPU.Build.0 = Release|Any CPU
		{3FDDC54F-E4DB-446E-B082-4023B960EBB4}.Debug|Any CPU.ActiveCfg = Debug|Any CPU
		{3FDDC54F-E4DB-446E-B082-4023B960EBB4}.Debug|Any CPU.Build.0 = Debug|Any CPU
		{3FDDC54F-E4DB-446E-B082-4023B960EBB4}.Release|Any CPU.ActiveCfg = Release|Any CPU
		{3FDDC54F-E4DB-446E-B082-4023B960EBB4}.Release|Any CPU.Build.0 = Release|Any CPU
		{22FEC15F-279A-436A-A88D-E40855B38331}.Debug|Any CPU.ActiveCfg = Debug|Any CPU
		{22FEC15F-279A-436A-A88D-E40855B38331}.Debug|Any CPU.Build.0 = Debug|Any CPU
		{22FEC15F-279A-436A-A88D-E40855B38331}.Release|Any CPU.ActiveCfg = Release|Any CPU
		{22FEC15F-279A-436A-A88D-E40855B38331}.Release|Any CPU.Build.0 = Release|Any CPU
		{D0731BFC-75F3-47F4-8B34-635ACBA98819}.Debug|Any CPU.ActiveCfg = Debug|Any CPU
		{D0731BFC-75F3-47F4-8B34-635ACBA98819}.Debug|Any CPU.Build.0 = Debug|Any CPU
		{D0731BFC-75F3-47F4-8B34-635ACBA98819}.Release|Any CPU.ActiveCfg = Release|Any CPU
		{D0731BFC-75F3-47F4-8B34-635ACBA98819}.Release|Any CPU.Build.0 = Release|Any CPU
		{D1B2796D-8A74-43E4-BA12-68F8CD0AC6C7}.Debug|Any CPU.ActiveCfg = Debug|Any CPU
		{D1B2796D-8A74-43E4-BA12-68F8CD0AC6C7}.Debug|Any CPU.Build.0 = Debug|Any CPU
		{D1B2796D-8A74-43E4-BA12-68F8CD0AC6C7}.Release|Any CPU.ActiveCfg = Release|Any CPU
		{D1B2796D-8A74-43E4-BA12-68F8CD0AC6C7}.Release|Any CPU.Build.0 = Release|Any CPU
		{DEC20526-4F68-4492-B443-639137C9730A}.Debug|Any CPU.ActiveCfg = Debug|Any CPU
		{DEC20526-4F68-4492-B443-639137C9730A}.Debug|Any CPU.Build.0 = Debug|Any CPU
		{DEC20526-4F68-4492-B443-639137C9730A}.Release|Any CPU.ActiveCfg = Release|Any CPU
		{DEC20526-4F68-4492-B443-639137C9730A}.Release|Any CPU.Build.0 = Release|Any CPU
		{B145FBD0-73EA-4AD2-8242-0D11111F3DBE}.Debug|Any CPU.ActiveCfg = Debug|Any CPU
		{B145FBD0-73EA-4AD2-8242-0D11111F3DBE}.Debug|Any CPU.Build.0 = Debug|Any CPU
		{B145FBD0-73EA-4AD2-8242-0D11111F3DBE}.Release|Any CPU.ActiveCfg = Release|Any CPU
		{B145FBD0-73EA-4AD2-8242-0D11111F3DBE}.Release|Any CPU.Build.0 = Release|Any CPU
		{142CCD07-E9C4-405D-8402-B3AE016C4743}.Debug|Any CPU.ActiveCfg = Debug|Any CPU
		{142CCD07-E9C4-405D-8402-B3AE016C4743}.Debug|Any CPU.Build.0 = Debug|Any CPU
		{142CCD07-E9C4-405D-8402-B3AE016C4743}.Release|Any CPU.ActiveCfg = Release|Any CPU
		{142CCD07-E9C4-405D-8402-B3AE016C4743}.Release|Any CPU.Build.0 = Release|Any CPU
		{94F0D4F0-BDB5-4D00-8E49-E6DDC5628132}.Debug|Any CPU.ActiveCfg = Debug|Any CPU
		{94F0D4F0-BDB5-4D00-8E49-E6DDC5628132}.Debug|Any CPU.Build.0 = Debug|Any CPU
		{94F0D4F0-BDB5-4D00-8E49-E6DDC5628132}.Release|Any CPU.ActiveCfg = Release|Any CPU
		{94F0D4F0-BDB5-4D00-8E49-E6DDC5628132}.Release|Any CPU.Build.0 = Release|Any CPU
		{A00436FB-4784-4A0D-8FD9-6BABCBB69A24}.Debug|Any CPU.ActiveCfg = Debug|Any CPU
		{A00436FB-4784-4A0D-8FD9-6BABCBB69A24}.Debug|Any CPU.Build.0 = Debug|Any CPU
		{A00436FB-4784-4A0D-8FD9-6BABCBB69A24}.Release|Any CPU.ActiveCfg = Release|Any CPU
		{A00436FB-4784-4A0D-8FD9-6BABCBB69A24}.Release|Any CPU.Build.0 = Release|Any CPU
		{4F62D90B-9AAE-4136-9053-2F0B2115117F}.Debug|Any CPU.ActiveCfg = Debug|Any CPU
		{4F62D90B-9AAE-4136-9053-2F0B2115117F}.Debug|Any CPU.Build.0 = Debug|Any CPU
		{4F62D90B-9AAE-4136-9053-2F0B2115117F}.Release|Any CPU.ActiveCfg = Release|Any CPU
		{4F62D90B-9AAE-4136-9053-2F0B2115117F}.Release|Any CPU.Build.0 = Release|Any CPU
		{5B2FAB91-6EAA-4FAA-A473-B0165A40ED5D}.Debug|Any CPU.ActiveCfg = Debug|Any CPU
		{5B2FAB91-6EAA-4FAA-A473-B0165A40ED5D}.Debug|Any CPU.Build.0 = Debug|Any CPU
		{5B2FAB91-6EAA-4FAA-A473-B0165A40ED5D}.Release|Any CPU.ActiveCfg = Release|Any CPU
		{5B2FAB91-6EAA-4FAA-A473-B0165A40ED5D}.Release|Any CPU.Build.0 = Release|Any CPU
		{B4CBA30C-DF0D-4565-A3E0-543BC7B50BBB}.Debug|Any CPU.ActiveCfg = Debug|Any CPU
		{B4CBA30C-DF0D-4565-A3E0-543BC7B50BBB}.Debug|Any CPU.Build.0 = Debug|Any CPU
		{B4CBA30C-DF0D-4565-A3E0-543BC7B50BBB}.Release|Any CPU.ActiveCfg = Release|Any CPU
		{B4CBA30C-DF0D-4565-A3E0-543BC7B50BBB}.Release|Any CPU.Build.0 = Release|Any CPU
		{449E3120-BA09-4D94-8D63-9FD3D7EFD510}.Debug|Any CPU.ActiveCfg = Debug|Any CPU
		{449E3120-BA09-4D94-8D63-9FD3D7EFD510}.Debug|Any CPU.Build.0 = Debug|Any CPU
		{449E3120-BA09-4D94-8D63-9FD3D7EFD510}.Release|Any CPU.ActiveCfg = Release|Any CPU
		{449E3120-BA09-4D94-8D63-9FD3D7EFD510}.Release|Any CPU.Build.0 = Release|Any CPU
		{6E0888E3-FAF2-43C2-9300-A690A5C20510}.Debug|Any CPU.ActiveCfg = Debug|Any CPU
		{6E0888E3-FAF2-43C2-9300-A690A5C20510}.Debug|Any CPU.Build.0 = Debug|Any CPU
		{6E0888E3-FAF2-43C2-9300-A690A5C20510}.Release|Any CPU.ActiveCfg = Release|Any CPU
		{6E0888E3-FAF2-43C2-9300-A690A5C20510}.Release|Any CPU.Build.0 = Release|Any CPU
		{ACDD68F1-418E-4E0B-91D0-76C74E87E237}.Debug|Any CPU.ActiveCfg = Debug|Any CPU
		{ACDD68F1-418E-4E0B-91D0-76C74E87E237}.Debug|Any CPU.Build.0 = Debug|Any CPU
		{ACDD68F1-418E-4E0B-91D0-76C74E87E237}.Release|Any CPU.ActiveCfg = Release|Any CPU
		{ACDD68F1-418E-4E0B-91D0-76C74E87E237}.Release|Any CPU.Build.0 = Release|Any CPU
		{1D1F9CE6-26B6-40DA-9486-0AA9F99B814E}.Debug|Any CPU.ActiveCfg = Debug|Any CPU
		{1D1F9CE6-26B6-40DA-9486-0AA9F99B814E}.Debug|Any CPU.Build.0 = Debug|Any CPU
		{1D1F9CE6-26B6-40DA-9486-0AA9F99B814E}.Release|Any CPU.ActiveCfg = Release|Any CPU
		{1D1F9CE6-26B6-40DA-9486-0AA9F99B814E}.Release|Any CPU.Build.0 = Release|Any CPU
		{6FED28CB-544F-47D8-B0ED-1952FA7305FB}.Debug|Any CPU.ActiveCfg = Debug|Any CPU
		{6FED28CB-544F-47D8-B0ED-1952FA7305FB}.Debug|Any CPU.Build.0 = Debug|Any CPU
		{6FED28CB-544F-47D8-B0ED-1952FA7305FB}.Release|Any CPU.ActiveCfg = Release|Any CPU
		{6FED28CB-544F-47D8-B0ED-1952FA7305FB}.Release|Any CPU.Build.0 = Release|Any CPU
		{67F37E76-4A79-4DE9-8E5C-D13C591F699F}.Debug|Any CPU.ActiveCfg = Debug|Any CPU
		{67F37E76-4A79-4DE9-8E5C-D13C591F699F}.Debug|Any CPU.Build.0 = Debug|Any CPU
		{67F37E76-4A79-4DE9-8E5C-D13C591F699F}.Release|Any CPU.ActiveCfg = Release|Any CPU
		{67F37E76-4A79-4DE9-8E5C-D13C591F699F}.Release|Any CPU.Build.0 = Release|Any CPU
		{F0F51B94-4466-4B9B-A52A-C8DA783DC1DC}.Debug|Any CPU.ActiveCfg = Debug|Any CPU
		{F0F51B94-4466-4B9B-A52A-C8DA783DC1DC}.Debug|Any CPU.Build.0 = Debug|Any CPU
		{F0F51B94-4466-4B9B-A52A-C8DA783DC1DC}.Release|Any CPU.ActiveCfg = Release|Any CPU
		{F0F51B94-4466-4B9B-A52A-C8DA783DC1DC}.Release|Any CPU.Build.0 = Release|Any CPU
		{8FBDA26C-7EDE-48E7-B304-33DB76ADC202}.Debug|Any CPU.ActiveCfg = Debug|Any CPU
		{8FBDA26C-7EDE-48E7-B304-33DB76ADC202}.Debug|Any CPU.Build.0 = Debug|Any CPU
		{8FBDA26C-7EDE-48E7-B304-33DB76ADC202}.Release|Any CPU.ActiveCfg = Release|Any CPU
		{8FBDA26C-7EDE-48E7-B304-33DB76ADC202}.Release|Any CPU.Build.0 = Release|Any CPU
		{5105FFC5-EBCB-4575-A958-ED92B440D16E}.Debug|Any CPU.ActiveCfg = Debug|Any CPU
		{5105FFC5-EBCB-4575-A958-ED92B440D16E}.Debug|Any CPU.Build.0 = Debug|Any CPU
		{5105FFC5-EBCB-4575-A958-ED92B440D16E}.Release|Any CPU.ActiveCfg = Release|Any CPU
		{5105FFC5-EBCB-4575-A958-ED92B440D16E}.Release|Any CPU.Build.0 = Release|Any CPU
		{DC77663D-09A3-44CF-BA7B-AC5AF0B6E8A5}.Debug|Any CPU.ActiveCfg = Debug|Any CPU
		{DC77663D-09A3-44CF-BA7B-AC5AF0B6E8A5}.Debug|Any CPU.Build.0 = Debug|Any CPU
		{DC77663D-09A3-44CF-BA7B-AC5AF0B6E8A5}.Release|Any CPU.ActiveCfg = Release|Any CPU
		{DC77663D-09A3-44CF-BA7B-AC5AF0B6E8A5}.Release|Any CPU.Build.0 = Release|Any CPU
		{7315D292-9CAD-4A05-AE91-2A5BD524CA02}.Debug|Any CPU.ActiveCfg = Debug|Any CPU
		{7315D292-9CAD-4A05-AE91-2A5BD524CA02}.Debug|Any CPU.Build.0 = Debug|Any CPU
		{7315D292-9CAD-4A05-AE91-2A5BD524CA02}.Release|Any CPU.ActiveCfg = Release|Any CPU
		{7315D292-9CAD-4A05-AE91-2A5BD524CA02}.Release|Any CPU.Build.0 = Release|Any CPU
		{6DEC1D78-134C-4FDF-9D04-148578ACC220}.Debug|Any CPU.ActiveCfg = Debug|Any CPU
		{6DEC1D78-134C-4FDF-9D04-148578ACC220}.Debug|Any CPU.Build.0 = Debug|Any CPU
		{6DEC1D78-134C-4FDF-9D04-148578ACC220}.Release|Any CPU.ActiveCfg = Release|Any CPU
		{6DEC1D78-134C-4FDF-9D04-148578ACC220}.Release|Any CPU.Build.0 = Release|Any CPU
		{D526CA7F-0CA5-4989-83E7-741E42412A4F}.Debug|Any CPU.ActiveCfg = Debug|Any CPU
		{D526CA7F-0CA5-4989-83E7-741E42412A4F}.Debug|Any CPU.Build.0 = Debug|Any CPU
		{D526CA7F-0CA5-4989-83E7-741E42412A4F}.Release|Any CPU.ActiveCfg = Release|Any CPU
		{D526CA7F-0CA5-4989-83E7-741E42412A4F}.Release|Any CPU.Build.0 = Release|Any CPU
		{93C19815-6B8A-4CBA-9507-5163778DD65B}.Debug|Any CPU.ActiveCfg = Debug|Any CPU
		{93C19815-6B8A-4CBA-9507-5163778DD65B}.Debug|Any CPU.Build.0 = Debug|Any CPU
		{93C19815-6B8A-4CBA-9507-5163778DD65B}.Release|Any CPU.ActiveCfg = Release|Any CPU
		{93C19815-6B8A-4CBA-9507-5163778DD65B}.Release|Any CPU.Build.0 = Release|Any CPU
		{8AA23C0D-4910-4F82-9178-FFC22339D8E7}.Debug|Any CPU.ActiveCfg = Debug|Any CPU
		{8AA23C0D-4910-4F82-9178-FFC22339D8E7}.Debug|Any CPU.Build.0 = Debug|Any CPU
		{8AA23C0D-4910-4F82-9178-FFC22339D8E7}.Release|Any CPU.ActiveCfg = Release|Any CPU
		{8AA23C0D-4910-4F82-9178-FFC22339D8E7}.Release|Any CPU.Build.0 = Release|Any CPU
	EndGlobalSection
	GlobalSection(SolutionProperties) = preSolution
		HideSolutionNode = FALSE
	EndGlobalSection
	GlobalSection(ExtensibilityGlobals) = postSolution
		SolutionGuid = {6BC68E62-5153-4FCD-AC59-721B4D26010C}
	EndGlobalSection
EndGlobal
