
Microsoft Visual Studio Solution File, Format Version 12.00
# Visual Studio Version 17
VisualStudioVersion = 17.12.35514.174
MinimumVisualStudioVersion = 10.0.40219.1
Project("{FAE04EC0-301F-11D3-BF4B-00C04F79EFBC}") = "Dec.01.24.1", "Dec.01.24.1\Dec.01.24.1.csproj", "{B0BBFE30-C206-46A4-8614-7410B9603165}"
EndProject
Project("{FAE04EC0-301F-11D3-BF4B-00C04F79EFBC}") = "Dec.01.24.2", "Dec.01.24.2\Dec.01.24.2.csproj", "{9CA09086-409F-4F55-9801-5C30E5BF26BD}"
EndProject
Project("{FAE04EC0-301F-11D3-BF4B-00C04F79EFBC}") = "Dec.02.24.1", "Dec.02.24.1\Dec.02.24.1.csproj", "{5C852B17-0525-466F-A3F5-3A677F62294B}"
EndProject
Project("{FAE04EC0-301F-11D3-BF4B-00C04F79EFBC}") = "Dec.02.24.2", "Dec.02.24.2\Dec.02.24.2.csproj", "{2EE1B76D-8D72-4CBD-8E21-EFA6C3D0050E}"
EndProject
Project("{FAE04EC0-301F-11D3-BF4B-00C04F79EFBC}") = "Dec.03.24.1", "Dec.03.24.1\Dec.03.24.1.csproj", "{A4FCB9B0-8820-45FF-A597-6A5B9EBBF2F1}"
EndProject
Project("{FAE04EC0-301F-11D3-BF4B-00C04F79EFBC}") = "Dec.03.24.2", "Dec.03.24.2\Dec.03.24.2.csproj", "{FC5FA0E1-D122-4433-A3C6-AD84685DF7B2}"
EndProject
Project("{FAE04EC0-301F-11D3-BF4B-00C04F79EFBC}") = "Dec.04.24.1", "Dec.04.24.1\Dec.04.24.1.csproj", "{486E47EE-AE0E-46AC-B922-9208E47752A2}"
EndProject
Project("{FAE04EC0-301F-11D3-BF4B-00C04F79EFBC}") = "Dec.04.24.2", "Dec.04.24.2\Dec.04.24.2.csproj", "{60AFC2E9-E1C6-4D39-955E-5F066481D6F8}"
EndProject
Project("{FAE04EC0-301F-11D3-BF4B-00C04F79EFBC}") = "Dec.05.24.1", "Dec.05.24.1\Dec.05.24.1.csproj", "{C858B543-A276-43C1-BE1F-045F7CFACFDF}"
EndProject
Project("{FAE04EC0-301F-11D3-BF4B-00C04F79EFBC}") = "Dec.05.24.2", "Dec.05.24.2\Dec.05.24.2.csproj", "{0BD12092-A5EB-4AAC-BEA9-A36993372A74}"
EndProject
Project("{FAE04EC0-301F-11D3-BF4B-00C04F79EFBC}") = "Dec.06.24.1", "Dec.06.24.1\Dec.06.24.1.csproj", "{62E5B583-D8F3-4D77-BF68-2EAA7095F8F5}"
EndProject
Project("{FAE04EC0-301F-11D3-BF4B-00C04F79EFBC}") = "Dec.06.24.2", "Dec.06.24.2\Dec.06.24.2.csproj", "{3C792EEF-4D54-4190-ACB9-DCD86F543C57}"
EndProject
Project("{FAE04EC0-301F-11D3-BF4B-00C04F79EFBC}") = "Dec.07.24.1", "Dec.07.24.1\Dec.07.24.1.csproj", "{CF49A145-32AE-4E48-9EB9-12A93F8CA5DA}"
EndProject
Project("{FAE04EC0-301F-11D3-BF4B-00C04F79EFBC}") = "Dec.07.24.2", "Dec.07.24.2\Dec.07.24.2.csproj", "{B6EB5133-4543-4FC7-AEA3-6381C457D8E8}"
EndProject
Project("{FAE04EC0-301F-11D3-BF4B-00C04F79EFBC}") = "Dec.08.24.1", "Dec.08.24.1\Dec.08.24.1.csproj", "{74DD8480-D404-4CD5-9585-3A0498B02ABC}"
EndProject
Project("{FAE04EC0-301F-11D3-BF4B-00C04F79EFBC}") = "Dec.08.24.2", "Dec.08.24.2\Dec.08.24.2.csproj", "{9C34435D-1338-4563-8CE2-2865CF4D786B}"
EndProject
Project("{FAE04EC0-301F-11D3-BF4B-00C04F79EFBC}") = "Dec.09.24.1", "Dec.09.24.1\Dec.09.24.1.csproj", "{70EDAFF7-2F66-4733-A955-8B569C644D69}"
EndProject
Project("{FAE04EC0-301F-11D3-BF4B-00C04F79EFBC}") = "Dec.09.24.2", "Dec.09.24.2\Dec.09.24.2.csproj", "{778A904E-7E35-4DDC-BC28-FCB3CEDEF416}"
EndProject
Project("{FAE04EC0-301F-11D3-BF4B-00C04F79EFBC}") = "Dec.10.24.1", "Dec.10.24.1\Dec.10.24.1.csproj", "{98398359-5461-4D97-98BA-E3E37072BD66}"
EndProject
Project("{FAE04EC0-301F-11D3-BF4B-00C04F79EFBC}") = "Dec.10.24.2", "Dec.10.24.2\Dec.10.24.2.csproj", "{1CE3D956-D334-40A3-A2E8-BE29C2B2559D}"
EndProject
Project("{FAE04EC0-301F-11D3-BF4B-00C04F79EFBC}") = "Dec.11.24.1", "Dec.11.24.1\Dec.11.24.1.csproj", "{9BF5475B-9517-45B7-B2E0-28D969AEFD86}"
EndProject
Project("{FAE04EC0-301F-11D3-BF4B-00C04F79EFBC}") = "Dec.11.24.2", "Dec.11.24.2\Dec.11.24.2.csproj", "{94A23EAC-B90E-490A-BAC3-A99472EA6144}"
EndProject
Project("{FAE04EC0-301F-11D3-BF4B-00C04F79EFBC}") = "Dec.12.24.1", "Dec.12.24.1\Dec.12.24.1.csproj", "{31287078-BE21-45DA-84F2-75860FFEC247}"
EndProject
Project("{FAE04EC0-301F-11D3-BF4B-00C04F79EFBC}") = "Dec.12.24.2", "Dec.12.24.2\Dec.12.24.2.csproj", "{095AC681-1254-4805-8029-FD9BB10176C6}"
EndProject
Project("{FAE04EC0-301F-11D3-BF4B-00C04F79EFBC}") = "Dec.13.24.1", "Dec.13.24.1\Dec.13.24.1.csproj", "{F5BE515A-7DFB-4E83-A643-FDA5BB84D252}"
EndProject
Project("{FAE04EC0-301F-11D3-BF4B-00C04F79EFBC}") = "Dec.13.24.2", "Dec.13.24.2\Dec.13.24.2.csproj", "{37811B5A-0517-4A39-B400-72707550EBC1}"
EndProject
Project("{FAE04EC0-301F-11D3-BF4B-00C04F79EFBC}") = "Dec.14.24.1", "Dec.14.24.1\Dec.14.24.1.csproj", "{AAD2F58D-96E1-49F5-9E35-372627CC549D}"
EndProject
Project("{FAE04EC0-301F-11D3-BF4B-00C04F79EFBC}") = "Dec.14.24.2", "Dec.14.24.2\Dec.14.24.2.csproj", "{5436A173-DFD4-4C74-9304-5866A5562F5B}"
EndProject
Project("{FAE04EC0-301F-11D3-BF4B-00C04F79EFBC}") = "Dec.15.24.1", "Dec.15.24.1\Dec.15.24.1.csproj", "{36A4356C-5558-49D0-BBA5-447FD46BD860}"
EndProject
Project("{FAE04EC0-301F-11D3-BF4B-00C04F79EFBC}") = "Dec.15.24.2", "Dec.15.24.2\Dec.15.24.2.csproj", "{921E89D3-D8C8-4F78-9F6E-D7F7B4A699D8}"
EndProject
Project("{FAE04EC0-301F-11D3-BF4B-00C04F79EFBC}") = "Dec.16.24.1", "Dec.16.24.1\Dec.16.24.1.csproj", "{23F802CC-B5E5-4FF7-81A6-18E429A2A8D0}"
EndProject
Project("{FAE04EC0-301F-11D3-BF4B-00C04F79EFBC}") = "Dec.16.24.2", "Dec.16.24.2\Dec.16.24.2.csproj", "{12E90956-839C-47CE-BC4F-4BBA58A0B2D3}"
EndProject
Project("{FAE04EC0-301F-11D3-BF4B-00C04F79EFBC}") = "Dec.17.24.1", "Dec.17.24.1\Dec.17.24.1.csproj", "{1BAA2412-08B3-4FD4-9BF4-784FB2FB54FE}"
EndProject
Project("{FAE04EC0-301F-11D3-BF4B-00C04F79EFBC}") = "Dec.17.24.2", "Dec.17.24.2\Dec.17.24.2.csproj", "{C7B4A7AC-83FC-4F2E-866B-4E45ACAD4841}"
EndProject
Project("{FAE04EC0-301F-11D3-BF4B-00C04F79EFBC}") = "Dec.18.24.1", "Dec.18.24.1\Dec.18.24.1.csproj", "{A8971EE5-58BE-4D5E-BA96-87A5C4CA817D}"
EndProject
Project("{FAE04EC0-301F-11D3-BF4B-00C04F79EFBC}") = "Dec.18.24.2", "Dec.18.24.2\Dec.18.24.2.csproj", "{6E62A170-BC5C-447C-8777-F7E45A2F40E7}"
EndProject
Project("{FAE04EC0-301F-11D3-BF4B-00C04F79EFBC}") = "Dec.19.24.1", "Dec.19.24.1\Dec.19.24.1.csproj", "{2031046B-BFF2-4E0A-A920-031B5015825E}"
EndProject
Project("{FAE04EC0-301F-11D3-BF4B-00C04F79EFBC}") = "Dec.19.24.2", "Dec.19.24.2\Dec.19.24.2.csproj", "{F198CE78-1BA8-43D8-90C9-CAB65AFA5F0D}"
EndProject
Project("{FAE04EC0-301F-11D3-BF4B-00C04F79EFBC}") = "Dec.20.24.1", "Dec.20.24.1\Dec.20.24.1.csproj", "{5519CAA4-32DC-44B8-950E-99B2E4444C34}"
EndProject
Project("{FAE04EC0-301F-11D3-BF4B-00C04F79EFBC}") = "Dec.20.24.2", "Dec.20.24.2\Dec.20.24.2.csproj", "{6936CE7C-F3D9-401B-9F19-3FFD99A1CD98}"
EndProject
Project("{FAE04EC0-301F-11D3-BF4B-00C04F79EFBC}") = "Dec.21.24.1", "Dec.21.24.1\Dec.21.24.1.csproj", "{8E8F3D2F-8935-40D9-973E-C2BC524B5CA1}"
EndProject
Project("{FAE04EC0-301F-11D3-BF4B-00C04F79EFBC}") = "Dec.21.24.2", "Dec.21.24.2\Dec.21.24.2.csproj", "{16EDD468-B148-42ED-B075-7B2CA9E33F57}"
EndProject
Project("{FAE04EC0-301F-11D3-BF4B-00C04F79EFBC}") = "Dec.22.24.1", "Dec.22.24.1\Dec.22.24.1.csproj", "{4A5F9A27-A0B4-499C-B28F-AA705B148B3A}"
EndProject
Project("{FAE04EC0-301F-11D3-BF4B-00C04F79EFBC}") = "Dec.22.24.2", "Dec.22.24.2\Dec.22.24.2.csproj", "{8029731F-D2ED-47C4-9E41-8E23603648CF}"
EndProject
Project("{FAE04EC0-301F-11D3-BF4B-00C04F79EFBC}") = "Dec.23.24.1", "Dec.23.24.1\Dec.23.24.1.csproj", "{53F81C1F-2E2F-4BDE-9EA3-6F99D84BD496}"
EndProject
Project("{FAE04EC0-301F-11D3-BF4B-00C04F79EFBC}") = "Dec.23.24.2", "Dec.23.24.2\Dec.23.24.2.csproj", "{589DEA1B-2E43-4972-9498-153DBC8273AD}"
EndProject
Project("{FAE04EC0-301F-11D3-BF4B-00C04F79EFBC}") = "Dec.24.24.1", "Dec.24.24.1\Dec.24.24.1.csproj", "{E529EF6B-D868-4EDF-98EF-A6D20CB44D20}"
EndProject
Project("{FAE04EC0-301F-11D3-BF4B-00C04F79EFBC}") = "Dec.24.24.2", "Dec.24.24.2\Dec.24.24.2.csproj", "{A65DE2CC-FEE8-4251-A442-64F4B931FA1C}"
EndProject
Project("{FAE04EC0-301F-11D3-BF4B-00C04F79EFBC}") = "Dec.25.24.1", "Dec.25.24.1\Dec.25.24.1.csproj", "{79435DF0-70D5-4E1E-943A-DC49620B010D}"
EndProject
Project("{FAE04EC0-301F-11D3-BF4B-00C04F79EFBC}") = "Dec.25.24.2", "Dec.25.24.2\Dec.25.24.2.csproj", "{C77F8FC1-1D01-41C5-9E4A-5B48686BE0AF}"
EndProject
Global
	GlobalSection(SolutionConfigurationPlatforms) = preSolution
		Debug|Any CPU = Debug|Any CPU
		Release|Any CPU = Release|Any CPU
	EndGlobalSection
	GlobalSection(ProjectConfigurationPlatforms) = postSolution
		{B0BBFE30-C206-46A4-8614-7410B9603165}.Debug|Any CPU.ActiveCfg = Debug|Any CPU
		{B0BBFE30-C206-46A4-8614-7410B9603165}.Debug|Any CPU.Build.0 = Debug|Any CPU
		{B0BBFE30-C206-46A4-8614-7410B9603165}.Release|Any CPU.ActiveCfg = Release|Any CPU
		{B0BBFE30-C206-46A4-8614-7410B9603165}.Release|Any CPU.Build.0 = Release|Any CPU
		{9CA09086-409F-4F55-9801-5C30E5BF26BD}.Debug|Any CPU.ActiveCfg = Debug|Any CPU
		{9CA09086-409F-4F55-9801-5C30E5BF26BD}.Debug|Any CPU.Build.0 = Debug|Any CPU
		{9CA09086-409F-4F55-9801-5C30E5BF26BD}.Release|Any CPU.ActiveCfg = Release|Any CPU
		{9CA09086-409F-4F55-9801-5C30E5BF26BD}.Release|Any CPU.Build.0 = Release|Any CPU
		{5C852B17-0525-466F-A3F5-3A677F62294B}.Debug|Any CPU.ActiveCfg = Debug|Any CPU
		{5C852B17-0525-466F-A3F5-3A677F62294B}.Debug|Any CPU.Build.0 = Debug|Any CPU
		{5C852B17-0525-466F-A3F5-3A677F62294B}.Release|Any CPU.ActiveCfg = Release|Any CPU
		{5C852B17-0525-466F-A3F5-3A677F62294B}.Release|Any CPU.Build.0 = Release|Any CPU
		{2EE1B76D-8D72-4CBD-8E21-EFA6C3D0050E}.Debug|Any CPU.ActiveCfg = Debug|Any CPU
		{2EE1B76D-8D72-4CBD-8E21-EFA6C3D0050E}.Debug|Any CPU.Build.0 = Debug|Any CPU
		{2EE1B76D-8D72-4CBD-8E21-EFA6C3D0050E}.Release|Any CPU.ActiveCfg = Release|Any CPU
		{2EE1B76D-8D72-4CBD-8E21-EFA6C3D0050E}.Release|Any CPU.Build.0 = Release|Any CPU
		{A4FCB9B0-8820-45FF-A597-6A5B9EBBF2F1}.Debug|Any CPU.ActiveCfg = Debug|Any CPU
		{A4FCB9B0-8820-45FF-A597-6A5B9EBBF2F1}.Debug|Any CPU.Build.0 = Debug|Any CPU
		{A4FCB9B0-8820-45FF-A597-6A5B9EBBF2F1}.Release|Any CPU.ActiveCfg = Release|Any CPU
		{A4FCB9B0-8820-45FF-A597-6A5B9EBBF2F1}.Release|Any CPU.Build.0 = Release|Any CPU
		{FC5FA0E1-D122-4433-A3C6-AD84685DF7B2}.Debug|Any CPU.ActiveCfg = Debug|Any CPU
		{FC5FA0E1-D122-4433-A3C6-AD84685DF7B2}.Debug|Any CPU.Build.0 = Debug|Any CPU
		{FC5FA0E1-D122-4433-A3C6-AD84685DF7B2}.Release|Any CPU.ActiveCfg = Release|Any CPU
		{FC5FA0E1-D122-4433-A3C6-AD84685DF7B2}.Release|Any CPU.Build.0 = Release|Any CPU
		{486E47EE-AE0E-46AC-B922-9208E47752A2}.Debug|Any CPU.ActiveCfg = Debug|Any CPU
		{486E47EE-AE0E-46AC-B922-9208E47752A2}.Debug|Any CPU.Build.0 = Debug|Any CPU
		{486E47EE-AE0E-46AC-B922-9208E47752A2}.Release|Any CPU.ActiveCfg = Release|Any CPU
		{486E47EE-AE0E-46AC-B922-9208E47752A2}.Release|Any CPU.Build.0 = Release|Any CPU
		{60AFC2E9-E1C6-4D39-955E-5F066481D6F8}.Debug|Any CPU.ActiveCfg = Debug|Any CPU
		{60AFC2E9-E1C6-4D39-955E-5F066481D6F8}.Debug|Any CPU.Build.0 = Debug|Any CPU
		{60AFC2E9-E1C6-4D39-955E-5F066481D6F8}.Release|Any CPU.ActiveCfg = Release|Any CPU
		{60AFC2E9-E1C6-4D39-955E-5F066481D6F8}.Release|Any CPU.Build.0 = Release|Any CPU
		{C858B543-A276-43C1-BE1F-045F7CFACFDF}.Debug|Any CPU.ActiveCfg = Debug|Any CPU
		{C858B543-A276-43C1-BE1F-045F7CFACFDF}.Debug|Any CPU.Build.0 = Debug|Any CPU
		{C858B543-A276-43C1-BE1F-045F7CFACFDF}.Release|Any CPU.ActiveCfg = Release|Any CPU
		{C858B543-A276-43C1-BE1F-045F7CFACFDF}.Release|Any CPU.Build.0 = Release|Any CPU
		{0BD12092-A5EB-4AAC-BEA9-A36993372A74}.Debug|Any CPU.ActiveCfg = Debug|Any CPU
		{0BD12092-A5EB-4AAC-BEA9-A36993372A74}.Debug|Any CPU.Build.0 = Debug|Any CPU
		{0BD12092-A5EB-4AAC-BEA9-A36993372A74}.Release|Any CPU.ActiveCfg = Release|Any CPU
		{0BD12092-A5EB-4AAC-BEA9-A36993372A74}.Release|Any CPU.Build.0 = Release|Any CPU
		{62E5B583-D8F3-4D77-BF68-2EAA7095F8F5}.Debug|Any CPU.ActiveCfg = Debug|Any CPU
		{62E5B583-D8F3-4D77-BF68-2EAA7095F8F5}.Debug|Any CPU.Build.0 = Debug|Any CPU
		{62E5B583-D8F3-4D77-BF68-2EAA7095F8F5}.Release|Any CPU.ActiveCfg = Release|Any CPU
		{62E5B583-D8F3-4D77-BF68-2EAA7095F8F5}.Release|Any CPU.Build.0 = Release|Any CPU
		{3C792EEF-4D54-4190-ACB9-DCD86F543C57}.Debug|Any CPU.ActiveCfg = Debug|Any CPU
		{3C792EEF-4D54-4190-ACB9-DCD86F543C57}.Debug|Any CPU.Build.0 = Debug|Any CPU
		{3C792EEF-4D54-4190-ACB9-DCD86F543C57}.Release|Any CPU.ActiveCfg = Release|Any CPU
		{3C792EEF-4D54-4190-ACB9-DCD86F543C57}.Release|Any CPU.Build.0 = Release|Any CPU
		{CF49A145-32AE-4E48-9EB9-12A93F8CA5DA}.Debug|Any CPU.ActiveCfg = Debug|Any CPU
		{CF49A145-32AE-4E48-9EB9-12A93F8CA5DA}.Debug|Any CPU.Build.0 = Debug|Any CPU
		{CF49A145-32AE-4E48-9EB9-12A93F8CA5DA}.Release|Any CPU.ActiveCfg = Release|Any CPU
		{CF49A145-32AE-4E48-9EB9-12A93F8CA5DA}.Release|Any CPU.Build.0 = Release|Any CPU
		{B6EB5133-4543-4FC7-AEA3-6381C457D8E8}.Debug|Any CPU.ActiveCfg = Debug|Any CPU
		{B6EB5133-4543-4FC7-AEA3-6381C457D8E8}.Debug|Any CPU.Build.0 = Debug|Any CPU
		{B6EB5133-4543-4FC7-AEA3-6381C457D8E8}.Release|Any CPU.ActiveCfg = Release|Any CPU
		{B6EB5133-4543-4FC7-AEA3-6381C457D8E8}.Release|Any CPU.Build.0 = Release|Any CPU
		{74DD8480-D404-4CD5-9585-3A0498B02ABC}.Debug|Any CPU.ActiveCfg = Debug|Any CPU
		{74DD8480-D404-4CD5-9585-3A0498B02ABC}.Debug|Any CPU.Build.0 = Debug|Any CPU
		{74DD8480-D404-4CD5-9585-3A0498B02ABC}.Release|Any CPU.ActiveCfg = Release|Any CPU
		{74DD8480-D404-4CD5-9585-3A0498B02ABC}.Release|Any CPU.Build.0 = Release|Any CPU
		{9C34435D-1338-4563-8CE2-2865CF4D786B}.Debug|Any CPU.ActiveCfg = Debug|Any CPU
		{9C34435D-1338-4563-8CE2-2865CF4D786B}.Debug|Any CPU.Build.0 = Debug|Any CPU
		{9C34435D-1338-4563-8CE2-2865CF4D786B}.Release|Any CPU.ActiveCfg = Release|Any CPU
		{9C34435D-1338-4563-8CE2-2865CF4D786B}.Release|Any CPU.Build.0 = Release|Any CPU
		{70EDAFF7-2F66-4733-A955-8B569C644D69}.Debug|Any CPU.ActiveCfg = Debug|Any CPU
		{70EDAFF7-2F66-4733-A955-8B569C644D69}.Debug|Any CPU.Build.0 = Debug|Any CPU
		{70EDAFF7-2F66-4733-A955-8B569C644D69}.Release|Any CPU.ActiveCfg = Release|Any CPU
		{70EDAFF7-2F66-4733-A955-8B569C644D69}.Release|Any CPU.Build.0 = Release|Any CPU
		{778A904E-7E35-4DDC-BC28-FCB3CEDEF416}.Debug|Any CPU.ActiveCfg = Debug|Any CPU
		{778A904E-7E35-4DDC-BC28-FCB3CEDEF416}.Debug|Any CPU.Build.0 = Debug|Any CPU
		{778A904E-7E35-4DDC-BC28-FCB3CEDEF416}.Release|Any CPU.ActiveCfg = Release|Any CPU
		{778A904E-7E35-4DDC-BC28-FCB3CEDEF416}.Release|Any CPU.Build.0 = Release|Any CPU
		{98398359-5461-4D97-98BA-E3E37072BD66}.Debug|Any CPU.ActiveCfg = Debug|Any CPU
		{98398359-5461-4D97-98BA-E3E37072BD66}.Debug|Any CPU.Build.0 = Debug|Any CPU
		{98398359-5461-4D97-98BA-E3E37072BD66}.Release|Any CPU.ActiveCfg = Release|Any CPU
		{98398359-5461-4D97-98BA-E3E37072BD66}.Release|Any CPU.Build.0 = Release|Any CPU
		{1CE3D956-D334-40A3-A2E8-BE29C2B2559D}.Debug|Any CPU.ActiveCfg = Debug|Any CPU
		{1CE3D956-D334-40A3-A2E8-BE29C2B2559D}.Debug|Any CPU.Build.0 = Debug|Any CPU
		{1CE3D956-D334-40A3-A2E8-BE29C2B2559D}.Release|Any CPU.ActiveCfg = Release|Any CPU
		{1CE3D956-D334-40A3-A2E8-BE29C2B2559D}.Release|Any CPU.Build.0 = Release|Any CPU
		{9BF5475B-9517-45B7-B2E0-28D969AEFD86}.Debug|Any CPU.ActiveCfg = Debug|Any CPU
		{9BF5475B-9517-45B7-B2E0-28D969AEFD86}.Debug|Any CPU.Build.0 = Debug|Any CPU
		{9BF5475B-9517-45B7-B2E0-28D969AEFD86}.Release|Any CPU.ActiveCfg = Release|Any CPU
		{9BF5475B-9517-45B7-B2E0-28D969AEFD86}.Release|Any CPU.Build.0 = Release|Any CPU
		{94A23EAC-B90E-490A-BAC3-A99472EA6144}.Debug|Any CPU.ActiveCfg = Debug|Any CPU
		{94A23EAC-B90E-490A-BAC3-A99472EA6144}.Debug|Any CPU.Build.0 = Debug|Any CPU
		{94A23EAC-B90E-490A-BAC3-A99472EA6144}.Release|Any CPU.ActiveCfg = Release|Any CPU
		{94A23EAC-B90E-490A-BAC3-A99472EA6144}.Release|Any CPU.Build.0 = Release|Any CPU
		{31287078-BE21-45DA-84F2-75860FFEC247}.Debug|Any CPU.ActiveCfg = Debug|Any CPU
		{31287078-BE21-45DA-84F2-75860FFEC247}.Debug|Any CPU.Build.0 = Debug|Any CPU
		{31287078-BE21-45DA-84F2-75860FFEC247}.Release|Any CPU.ActiveCfg = Release|Any CPU
		{31287078-BE21-45DA-84F2-75860FFEC247}.Release|Any CPU.Build.0 = Release|Any CPU
		{095AC681-1254-4805-8029-FD9BB10176C6}.Debug|Any CPU.ActiveCfg = Debug|Any CPU
		{095AC681-1254-4805-8029-FD9BB10176C6}.Debug|Any CPU.Build.0 = Debug|Any CPU
		{095AC681-1254-4805-8029-FD9BB10176C6}.Release|Any CPU.ActiveCfg = Release|Any CPU
		{095AC681-1254-4805-8029-FD9BB10176C6}.Release|Any CPU.Build.0 = Release|Any CPU
		{F5BE515A-7DFB-4E83-A643-FDA5BB84D252}.Debug|Any CPU.ActiveCfg = Debug|Any CPU
		{F5BE515A-7DFB-4E83-A643-FDA5BB84D252}.Debug|Any CPU.Build.0 = Debug|Any CPU
		{F5BE515A-7DFB-4E83-A643-FDA5BB84D252}.Release|Any CPU.ActiveCfg = Release|Any CPU
		{F5BE515A-7DFB-4E83-A643-FDA5BB84D252}.Release|Any CPU.Build.0 = Release|Any CPU
		{37811B5A-0517-4A39-B400-72707550EBC1}.Debug|Any CPU.ActiveCfg = Debug|Any CPU
		{37811B5A-0517-4A39-B400-72707550EBC1}.Debug|Any CPU.Build.0 = Debug|Any CPU
		{37811B5A-0517-4A39-B400-72707550EBC1}.Release|Any CPU.ActiveCfg = Release|Any CPU
		{37811B5A-0517-4A39-B400-72707550EBC1}.Release|Any CPU.Build.0 = Release|Any CPU
		{AAD2F58D-96E1-49F5-9E35-372627CC549D}.Debug|Any CPU.ActiveCfg = Debug|Any CPU
		{AAD2F58D-96E1-49F5-9E35-372627CC549D}.Debug|Any CPU.Build.0 = Debug|Any CPU
		{AAD2F58D-96E1-49F5-9E35-372627CC549D}.Release|Any CPU.ActiveCfg = Release|Any CPU
		{AAD2F58D-96E1-49F5-9E35-372627CC549D}.Release|Any CPU.Build.0 = Release|Any CPU
		{5436A173-DFD4-4C74-9304-5866A5562F5B}.Debug|Any CPU.ActiveCfg = Debug|Any CPU
		{5436A173-DFD4-4C74-9304-5866A5562F5B}.Debug|Any CPU.Build.0 = Debug|Any CPU
		{5436A173-DFD4-4C74-9304-5866A5562F5B}.Release|Any CPU.ActiveCfg = Release|Any CPU
		{5436A173-DFD4-4C74-9304-5866A5562F5B}.Release|Any CPU.Build.0 = Release|Any CPU
		{36A4356C-5558-49D0-BBA5-447FD46BD860}.Debug|Any CPU.ActiveCfg = Debug|Any CPU
		{36A4356C-5558-49D0-BBA5-447FD46BD860}.Debug|Any CPU.Build.0 = Debug|Any CPU
		{36A4356C-5558-49D0-BBA5-447FD46BD860}.Release|Any CPU.ActiveCfg = Release|Any CPU
		{36A4356C-5558-49D0-BBA5-447FD46BD860}.Release|Any CPU.Build.0 = Release|Any CPU
		{921E89D3-D8C8-4F78-9F6E-D7F7B4A699D8}.Debug|Any CPU.ActiveCfg = Debug|Any CPU
		{921E89D3-D8C8-4F78-9F6E-D7F7B4A699D8}.Debug|Any CPU.Build.0 = Debug|Any CPU
		{921E89D3-D8C8-4F78-9F6E-D7F7B4A699D8}.Release|Any CPU.ActiveCfg = Release|Any CPU
		{921E89D3-D8C8-4F78-9F6E-D7F7B4A699D8}.Release|Any CPU.Build.0 = Release|Any CPU
		{23F802CC-B5E5-4FF7-81A6-18E429A2A8D0}.Debug|Any CPU.ActiveCfg = Debug|Any CPU
		{23F802CC-B5E5-4FF7-81A6-18E429A2A8D0}.Debug|Any CPU.Build.0 = Debug|Any CPU
		{23F802CC-B5E5-4FF7-81A6-18E429A2A8D0}.Release|Any CPU.ActiveCfg = Release|Any CPU
		{23F802CC-B5E5-4FF7-81A6-18E429A2A8D0}.Release|Any CPU.Build.0 = Release|Any CPU
		{12E90956-839C-47CE-BC4F-4BBA58A0B2D3}.Debug|Any CPU.ActiveCfg = Debug|Any CPU
		{12E90956-839C-47CE-BC4F-4BBA58A0B2D3}.Debug|Any CPU.Build.0 = Debug|Any CPU
		{12E90956-839C-47CE-BC4F-4BBA58A0B2D3}.Release|Any CPU.ActiveCfg = Release|Any CPU
		{12E90956-839C-47CE-BC4F-4BBA58A0B2D3}.Release|Any CPU.Build.0 = Release|Any CPU
		{1BAA2412-08B3-4FD4-9BF4-784FB2FB54FE}.Debug|Any CPU.ActiveCfg = Debug|Any CPU
		{1BAA2412-08B3-4FD4-9BF4-784FB2FB54FE}.Debug|Any CPU.Build.0 = Debug|Any CPU
		{1BAA2412-08B3-4FD4-9BF4-784FB2FB54FE}.Release|Any CPU.ActiveCfg = Release|Any CPU
		{1BAA2412-08B3-4FD4-9BF4-784FB2FB54FE}.Release|Any CPU.Build.0 = Release|Any CPU
		{C7B4A7AC-83FC-4F2E-866B-4E45ACAD4841}.Debug|Any CPU.ActiveCfg = Debug|Any CPU
		{C7B4A7AC-83FC-4F2E-866B-4E45ACAD4841}.Debug|Any CPU.Build.0 = Debug|Any CPU
		{C7B4A7AC-83FC-4F2E-866B-4E45ACAD4841}.Release|Any CPU.ActiveCfg = Release|Any CPU
		{C7B4A7AC-83FC-4F2E-866B-4E45ACAD4841}.Release|Any CPU.Build.0 = Release|Any CPU
		{A8971EE5-58BE-4D5E-BA96-87A5C4CA817D}.Debug|Any CPU.ActiveCfg = Debug|Any CPU
		{A8971EE5-58BE-4D5E-BA96-87A5C4CA817D}.Debug|Any CPU.Build.0 = Debug|Any CPU
		{A8971EE5-58BE-4D5E-BA96-87A5C4CA817D}.Release|Any CPU.ActiveCfg = Release|Any CPU
		{A8971EE5-58BE-4D5E-BA96-87A5C4CA817D}.Release|Any CPU.Build.0 = Release|Any CPU
		{6E62A170-BC5C-447C-8777-F7E45A2F40E7}.Debug|Any CPU.ActiveCfg = Debug|Any CPU
		{6E62A170-BC5C-447C-8777-F7E45A2F40E7}.Debug|Any CPU.Build.0 = Debug|Any CPU
		{6E62A170-BC5C-447C-8777-F7E45A2F40E7}.Release|Any CPU.ActiveCfg = Release|Any CPU
		{6E62A170-BC5C-447C-8777-F7E45A2F40E7}.Release|Any CPU.Build.0 = Release|Any CPU
		{2031046B-BFF2-4E0A-A920-031B5015825E}.Debug|Any CPU.ActiveCfg = Debug|Any CPU
		{2031046B-BFF2-4E0A-A920-031B5015825E}.Debug|Any CPU.Build.0 = Debug|Any CPU
		{2031046B-BFF2-4E0A-A920-031B5015825E}.Release|Any CPU.ActiveCfg = Release|Any CPU
		{2031046B-BFF2-4E0A-A920-031B5015825E}.Release|Any CPU.Build.0 = Release|Any CPU
		{F198CE78-1BA8-43D8-90C9-CAB65AFA5F0D}.Debug|Any CPU.ActiveCfg = Debug|Any CPU
		{F198CE78-1BA8-43D8-90C9-CAB65AFA5F0D}.Debug|Any CPU.Build.0 = Debug|Any CPU
		{F198CE78-1BA8-43D8-90C9-CAB65AFA5F0D}.Release|Any CPU.ActiveCfg = Release|Any CPU
		{F198CE78-1BA8-43D8-90C9-CAB65AFA5F0D}.Release|Any CPU.Build.0 = Release|Any CPU
		{5519CAA4-32DC-44B8-950E-99B2E4444C34}.Debug|Any CPU.ActiveCfg = Debug|Any CPU
		{5519CAA4-32DC-44B8-950E-99B2E4444C34}.Debug|Any CPU.Build.0 = Debug|Any CPU
		{5519CAA4-32DC-44B8-950E-99B2E4444C34}.Release|Any CPU.ActiveCfg = Release|Any CPU
		{5519CAA4-32DC-44B8-950E-99B2E4444C34}.Release|Any CPU.Build.0 = Release|Any CPU
		{6936CE7C-F3D9-401B-9F19-3FFD99A1CD98}.Debug|Any CPU.ActiveCfg = Debug|Any CPU
		{6936CE7C-F3D9-401B-9F19-3FFD99A1CD98}.Debug|Any CPU.Build.0 = Debug|Any CPU
		{6936CE7C-F3D9-401B-9F19-3FFD99A1CD98}.Release|Any CPU.ActiveCfg = Release|Any CPU
		{6936CE7C-F3D9-401B-9F19-3FFD99A1CD98}.Release|Any CPU.Build.0 = Release|Any CPU
		{8E8F3D2F-8935-40D9-973E-C2BC524B5CA1}.Debug|Any CPU.ActiveCfg = Debug|Any CPU
		{8E8F3D2F-8935-40D9-973E-C2BC524B5CA1}.Debug|Any CPU.Build.0 = Debug|Any CPU
		{8E8F3D2F-8935-40D9-973E-C2BC524B5CA1}.Release|Any CPU.ActiveCfg = Release|Any CPU
		{8E8F3D2F-8935-40D9-973E-C2BC524B5CA1}.Release|Any CPU.Build.0 = Release|Any CPU
		{16EDD468-B148-42ED-B075-7B2CA9E33F57}.Debug|Any CPU.ActiveCfg = Debug|Any CPU
		{16EDD468-B148-42ED-B075-7B2CA9E33F57}.Debug|Any CPU.Build.0 = Debug|Any CPU
		{16EDD468-B148-42ED-B075-7B2CA9E33F57}.Release|Any CPU.ActiveCfg = Release|Any CPU
		{16EDD468-B148-42ED-B075-7B2CA9E33F57}.Release|Any CPU.Build.0 = Release|Any CPU
		{4A5F9A27-A0B4-499C-B28F-AA705B148B3A}.Debug|Any CPU.ActiveCfg = Debug|Any CPU
		{4A5F9A27-A0B4-499C-B28F-AA705B148B3A}.Debug|Any CPU.Build.0 = Debug|Any CPU
		{4A5F9A27-A0B4-499C-B28F-AA705B148B3A}.Release|Any CPU.ActiveCfg = Release|Any CPU
		{4A5F9A27-A0B4-499C-B28F-AA705B148B3A}.Release|Any CPU.Build.0 = Release|Any CPU
		{8029731F-D2ED-47C4-9E41-8E23603648CF}.Debug|Any CPU.ActiveCfg = Debug|Any CPU
		{8029731F-D2ED-47C4-9E41-8E23603648CF}.Debug|Any CPU.Build.0 = Debug|Any CPU
		{8029731F-D2ED-47C4-9E41-8E23603648CF}.Release|Any CPU.ActiveCfg = Release|Any CPU
		{8029731F-D2ED-47C4-9E41-8E23603648CF}.Release|Any CPU.Build.0 = Release|Any CPU
		{53F81C1F-2E2F-4BDE-9EA3-6F99D84BD496}.Debug|Any CPU.ActiveCfg = Debug|Any CPU
		{53F81C1F-2E2F-4BDE-9EA3-6F99D84BD496}.Debug|Any CPU.Build.0 = Debug|Any CPU
		{53F81C1F-2E2F-4BDE-9EA3-6F99D84BD496}.Release|Any CPU.ActiveCfg = Release|Any CPU
		{53F81C1F-2E2F-4BDE-9EA3-6F99D84BD496}.Release|Any CPU.Build.0 = Release|Any CPU
		{589DEA1B-2E43-4972-9498-153DBC8273AD}.Debug|Any CPU.ActiveCfg = Debug|Any CPU
		{589DEA1B-2E43-4972-9498-153DBC8273AD}.Debug|Any CPU.Build.0 = Debug|Any CPU
		{589DEA1B-2E43-4972-9498-153DBC8273AD}.Release|Any CPU.ActiveCfg = Release|Any CPU
		{589DEA1B-2E43-4972-9498-153DBC8273AD}.Release|Any CPU.Build.0 = Release|Any CPU
		{E529EF6B-D868-4EDF-98EF-A6D20CB44D20}.Debug|Any CPU.ActiveCfg = Debug|Any CPU
		{E529EF6B-D868-4EDF-98EF-A6D20CB44D20}.Debug|Any CPU.Build.0 = Debug|Any CPU
		{E529EF6B-D868-4EDF-98EF-A6D20CB44D20}.Release|Any CPU.ActiveCfg = Release|Any CPU
		{E529EF6B-D868-4EDF-98EF-A6D20CB44D20}.Release|Any CPU.Build.0 = Release|Any CPU
		{A65DE2CC-FEE8-4251-A442-64F4B931FA1C}.Debug|Any CPU.ActiveCfg = Debug|Any CPU
		{A65DE2CC-FEE8-4251-A442-64F4B931FA1C}.Debug|Any CPU.Build.0 = Debug|Any CPU
		{A65DE2CC-FEE8-4251-A442-64F4B931FA1C}.Release|Any CPU.ActiveCfg = Release|Any CPU
		{A65DE2CC-FEE8-4251-A442-64F4B931FA1C}.Release|Any CPU.Build.0 = Release|Any CPU
		{79435DF0-70D5-4E1E-943A-DC49620B010D}.Debug|Any CPU.ActiveCfg = Debug|Any CPU
		{79435DF0-70D5-4E1E-943A-DC49620B010D}.Debug|Any CPU.Build.0 = Debug|Any CPU
		{79435DF0-70D5-4E1E-943A-DC49620B010D}.Release|Any CPU.ActiveCfg = Release|Any CPU
		{79435DF0-70D5-4E1E-943A-DC49620B010D}.Release|Any CPU.Build.0 = Release|Any CPU
		{C77F8FC1-1D01-41C5-9E4A-5B48686BE0AF}.Debug|Any CPU.ActiveCfg = Debug|Any CPU
		{C77F8FC1-1D01-41C5-9E4A-5B48686BE0AF}.Debug|Any CPU.Build.0 = Debug|Any CPU
		{C77F8FC1-1D01-41C5-9E4A-5B48686BE0AF}.Release|Any CPU.ActiveCfg = Release|Any CPU
		{C77F8FC1-1D01-41C5-9E4A-5B48686BE0AF}.Release|Any CPU.Build.0 = Release|Any CPU
	EndGlobalSection
	GlobalSection(SolutionProperties) = preSolution
		HideSolutionNode = FALSE
	EndGlobalSection
EndGlobal
