
Microsoft Visual Studio Solution File, Format Version 12.00
# Visual Studio 15
VisualStudioVersion = 15.0.28010.2003
MinimumVisualStudioVersion = 10.0.40219.1
Project("{9A19103F-16F7-4668-BE54-9A1E7A4F7556}") = "DatesDifferenceCalculator", "DatesDifferenceCalculator\DatesDifferenceCalculator.csproj", "{6C218EA2-DFC7-4C82-B86B-19B8675A1075}"
EndProject
Project("{9A19103F-16F7-4668-BE54-9A1E7A4F7556}") = "Tests.DatesDifferenceCalculator", "Tests.DatesDifferenceCalculator\Tests.DatesDifferenceCalculator.csproj", "{378656A2-D76D-41B9-9385-25EC64E24D4B}"
EndProject
Global
	GlobalSection(SolutionConfigurationPlatforms) = preSolution
		Debug|Any CPU = Debug|Any CPU
		Release|Any CPU = Release|Any CPU
	EndGlobalSection
	GlobalSection(ProjectConfigurationPlatforms) = postSolution
		{6C218EA2-DFC7-4C82-B86B-19B8675A1075}.Debug|Any CPU.ActiveCfg = Debug|Any CPU
		{6C218EA2-DFC7-4C82-B86B-19B8675A1075}.Debug|Any CPU.Build.0 = Debug|Any CPU
		{6C218EA2-DFC7-4C82-B86B-19B8675A1075}.Release|Any CPU.ActiveCfg = Release|Any CPU
		{6C218EA2-DFC7-4C82-B86B-19B8675A1075}.Release|Any CPU.Build.0 = Release|Any CPU
		{378656A2-D76D-41B9-9385-25EC64E24D4B}.Debug|Any CPU.ActiveCfg = Debug|Any CPU
		{378656A2-D76D-41B9-9385-25EC64E24D4B}.Debug|Any CPU.Build.0 = Debug|Any CPU
		{378656A2-D76D-41B9-9385-25EC64E24D4B}.Release|Any CPU.ActiveCfg = Release|Any CPU
		{378656A2-D76D-41B9-9385-25EC64E24D4B}.Release|Any CPU.Build.0 = Release|Any CPU
	EndGlobalSection
	GlobalSection(SolutionProperties) = preSolution
		HideSolutionNode = FALSE
	EndGlobalSection
	GlobalSection(ExtensibilityGlobals) = postSolution
		SolutionGuid = {42D47594-33D8-4D1F-A6BA-4B556D69FAAA}
	EndGlobalSection
EndGlobal
